
Microsoft Visual Studio Solution File, Format Version 12.00
# Visual Studio Version 16
VisualStudioVersion = 16.0.31729.503
MinimumVisualStudioVersion = 10.0.40219.1
Project("{8BC9CEB8-8B4A-11D0-8D11-00A0C91BC942}") = "Hello_Wrold", "Hello_Wrold.vcxproj", "{931C2B13-E2EA-49FD-9A63-528E2F7A5154}"
EndProject
Global
	GlobalSection(SolutionConfigurationPlatforms) = preSolution
		Debug|x64 = Debug|x64
		Debug|x86 = Debug|x86
		Release|x64 = Release|x64
		Release|x86 = Release|x86
	EndGlobalSection
	GlobalSection(ProjectConfigurationPlatforms) = postSolution
		{931C2B13-E2EA-49FD-9A63-528E2F7A5154}.Debug|x64.ActiveCfg = Debug|x64
		{931C2B13-E2EA-49FD-9A63-528E2F7A5154}.Debug|x64.Build.0 = Debug|x64
		{931C2B13-E2EA-49FD-9A63-528E2F7A5154}.Debug|x86.ActiveCfg = Debug|Win32
		{931C2B13-E2EA-49FD-9A63-528E2F7A5154}.Debug|x86.Build.0 = Debug|Win32
		{931C2B13-E2EA-49FD-9A63-528E2F7A5154}.Release|x64.ActiveCfg = Release|x64
		{931C2B13-E2EA-49FD-9A63-528E2F7A5154}.Release|x64.Build.0 = Release|x64
		{931C2B13-E2EA-49FD-9A63-528E2F7A5154}.Release|x86.ActiveCfg = Release|Win32
		{931C2B13-E2EA-49FD-9A63-528E2F7A5154}.Release|x86.Build.0 = Release|Win32
	EndGlobalSection
	GlobalSection(SolutionProperties) = preSolution
		HideSolutionNode = FALSE
	EndGlobalSection
	GlobalSection(ExtensibilityGlobals) = postSolution
		SolutionGuid = {BDC2E040-278B-451F-A12C-8FB6807AF6DA}
	EndGlobalSection
EndGlobal
